// !$*UTF8*$!
{
	archiveVersion = 1;
	classes = {
	};
	objectVersion = 56;
	objects = {

/* Begin PBXBuildFile section */
		E923138D2AAF337100C150E9 /* NSPredicate.swift in Sources */ = {isa = PBXBuildFile; fileRef = E923138C2AAF337100C150E9 /* NSPredicate.swift */; };
		E923138F2AAF35D700C150E9 /* TaskGroupRow.swift in Sources */ = {isa = PBXBuildFile; fileRef = E923138E2AAF35D700C150E9 /* TaskGroupRow.swift */; };
		E93090422AABC5C50043B7C7 /* TaskManagerApp.swift in Sources */ = {isa = PBXBuildFile; fileRef = E93090412AABC5C50043B7C7 /* TaskManagerApp.swift */; };
		E93090442AABC5C50043B7C7 /* ContentView.swift in Sources */ = {isa = PBXBuildFile; fileRef = E93090432AABC5C50043B7C7 /* ContentView.swift */; };
		E93090462AABC5C60043B7C7 /* Assets.xcassets in Resources */ = {isa = PBXBuildFile; fileRef = E93090452AABC5C60043B7C7 /* Assets.xcassets */; };
		E93090492AABC5C60043B7C7 /* Preview Assets.xcassets in Resources */ = {isa = PBXBuildFile; fileRef = E93090482AABC5C60043B7C7 /* Preview Assets.xcassets */; };
		E93090522AABC5D50043B7C7 /* Task.swift in Sources */ = {isa = PBXBuildFile; fileRef = E93090512AABC5D50043B7C7 /* Task.swift */; };
		E93090542AABC5F70043B7C7 /* TaskGroup.swift in Sources */ = {isa = PBXBuildFile; fileRef = E93090532AABC5F70043B7C7 /* TaskGroup.swift */; };
		E93090562AABC60C0043B7C7 /* TaskSection.swift in Sources */ = {isa = PBXBuildFile; fileRef = E93090552AABC60C0043B7C7 /* TaskSection.swift */; };
		E93090592AABC6330043B7C7 /* SideBarView.swift in Sources */ = {isa = PBXBuildFile; fileRef = E93090582AABC6330043B7C7 /* SideBarView.swift */; };
		E930905B2AABC65F0043B7C7 /* StaticTaskListView.swift in Sources */ = {isa = PBXBuildFile; fileRef = E930905A2AABC65F0043B7C7 /* StaticTaskListView.swift */; };
		E9673EAF2AAE725C008A5739 /* TaskManager.xcdatamodeld in Sources */ = {isa = PBXBuildFile; fileRef = E9673EAD2AAE725C008A5739 /* TaskManager.xcdatamodeld */; };
		E9673EB12AAE7339008A5739 /* TaskRow.swift in Sources */ = {isa = PBXBuildFile; fileRef = E9673EB02AAE7339008A5739 /* TaskRow.swift */; };
		E9673EB42AAE73E5008A5739 /* CDTask+Helper.swift in Sources */ = {isa = PBXBuildFile; fileRef = E9673EB32AAE73E5008A5739 /* CDTask+Helper.swift */; };
		E9673EB72AAE7589008A5739 /* CDTaskGroup+Helper.swift in Sources */ = {isa = PBXBuildFile; fileRef = E9673EB62AAE7589008A5739 /* CDTaskGroup+Helper.swift */; };
		E9673EB92AAE7880008A5739 /* PersistenceController.swift in Sources */ = {isa = PBXBuildFile; fileRef = E9673EB82AAE7880008A5739 /* PersistenceController.swift */; };
		E9B7E83F2AABD54C00822874 /* TaskListView.swift in Sources */ = {isa = PBXBuildFile; fileRef = E9B7E83E2AABD54C00822874 /* TaskListView.swift */; };
		E9B7E8412AABD60D00822874 /* TaskView.swift in Sources */ = {isa = PBXBuildFile; fileRef = E9B7E8402AABD60D00822874 /* TaskView.swift */; };
/* End PBXBuildFile section */

/* Begin PBXFileReference section */
		E923138C2AAF337100C150E9 /* NSPredicate.swift */ = {isa = PBXFileReference; lastKnownFileType = sourcecode.swift; path = NSPredicate.swift; sourceTree = "<group>"; };
		E923138E2AAF35D700C150E9 /* TaskGroupRow.swift */ = {isa = PBXFileReference; lastKnownFileType = sourcecode.swift; path = TaskGroupRow.swift; sourceTree = "<group>"; };
		E930903E2AABC5C50043B7C7 /* TaskManager.app */ = {isa = PBXFileReference; explicitFileType = wrapper.application; includeInIndex = 0; path = TaskManager.app; sourceTree = BUILT_PRODUCTS_DIR; };
		E93090412AABC5C50043B7C7 /* TaskManagerApp.swift */ = {isa = PBXFileReference; lastKnownFileType = sourcecode.swift; path = TaskManagerApp.swift; sourceTree = "<group>"; };
		E93090432AABC5C50043B7C7 /* ContentView.swift */ = {isa = PBXFileReference; lastKnownFileType = sourcecode.swift; path = ContentView.swift; sourceTree = "<group>"; };
		E93090452AABC5C60043B7C7 /* Assets.xcassets */ = {isa = PBXFileReference; lastKnownFileType = folder.assetcatalog; path = Assets.xcassets; sourceTree = "<group>"; };
		E93090482AABC5C60043B7C7 /* Preview Assets.xcassets */ = {isa = PBXFileReference; lastKnownFileType = folder.assetcatalog; path = "Preview Assets.xcassets"; sourceTree = "<group>"; };
		E930904A2AABC5C60043B7C7 /* TaskManager.entitlements */ = {isa = PBXFileReference; lastKnownFileType = text.plist.entitlements; path = TaskManager.entitlements; sourceTree = "<group>"; };
		E93090512AABC5D50043B7C7 /* Task.swift */ = {isa = PBXFileReference; lastKnownFileType = sourcecode.swift; path = Task.swift; sourceTree = "<group>"; };
		E93090532AABC5F70043B7C7 /* TaskGroup.swift */ = {isa = PBXFileReference; lastKnownFileType = sourcecode.swift; path = TaskGroup.swift; sourceTree = "<group>"; };
		E93090552AABC60C0043B7C7 /* TaskSection.swift */ = {isa = PBXFileReference; lastKnownFileType = sourcecode.swift; path = TaskSection.swift; sourceTree = "<group>"; };
		E93090582AABC6330043B7C7 /* SideBarView.swift */ = {isa = PBXFileReference; lastKnownFileType = sourcecode.swift; path = SideBarView.swift; sourceTree = "<group>"; };
		E930905A2AABC65F0043B7C7 /* StaticTaskListView.swift */ = {isa = PBXFileReference; lastKnownFileType = sourcecode.swift; path = StaticTaskListView.swift; sourceTree = "<group>"; };
		E9673EAE2AAE725C008A5739 /* TaskManager.xcdatamodel */ = {isa = PBXFileReference; lastKnownFileType = wrapper.xcdatamodel; path = TaskManager.xcdatamodel; sourceTree = "<group>"; };
		E9673EB02AAE7339008A5739 /* TaskRow.swift */ = {isa = PBXFileReference; lastKnownFileType = sourcecode.swift; path = TaskRow.swift; sourceTree = "<group>"; };
		E9673EB32AAE73E5008A5739 /* CDTask+Helper.swift */ = {isa = PBXFileReference; lastKnownFileType = sourcecode.swift; path = "CDTask+Helper.swift"; sourceTree = "<group>"; };
		E9673EB62AAE7589008A5739 /* CDTaskGroup+Helper.swift */ = {isa = PBXFileReference; lastKnownFileType = sourcecode.swift; path = "CDTaskGroup+Helper.swift"; sourceTree = "<group>"; };
		E9673EB82AAE7880008A5739 /* PersistenceController.swift */ = {isa = PBXFileReference; lastKnownFileType = sourcecode.swift; path = PersistenceController.swift; sourceTree = "<group>"; };
		E9B7E83E2AABD54C00822874 /* TaskListView.swift */ = {isa = PBXFileReference; lastKnownFileType = sourcecode.swift; path = TaskListView.swift; sourceTree = "<group>"; };
		E9B7E8402AABD60D00822874 /* TaskView.swift */ = {isa = PBXFileReference; lastKnownFileType = sourcecode.swift; path = TaskView.swift; sourceTree = "<group>"; };
/* End PBXFileReference section */

/* Begin PBXFrameworksBuildPhase section */
		E930903B2AABC5C50043B7C7 /* Frameworks */ = {
			isa = PBXFrameworksBuildPhase;
			buildActionMask = 2147483647;
			files = (
			);
			runOnlyForDeploymentPostprocessing = 0;
		};
/* End PBXFrameworksBuildPhase section */

/* Begin PBXGroup section */
		E923138B2AAF335F00C150E9 /* Extensions */ = {
			isa = PBXGroup;
			children = (
				E923138C2AAF337100C150E9 /* NSPredicate.swift */,
			);
			path = Extensions;
			sourceTree = "<group>";
		};
		E93090352AABC5C50043B7C7 = {
			isa = PBXGroup;
			children = (
				E93090402AABC5C50043B7C7 /* TaskManager */,
				E930903F2AABC5C50043B7C7 /* Products */,
			);
			sourceTree = "<group>";
		};
		E930903F2AABC5C50043B7C7 /* Products */ = {
			isa = PBXGroup;
			children = (
				E930903E2AABC5C50043B7C7 /* TaskManager.app */,
			);
			name = Products;
			sourceTree = "<group>";
		};
		E93090402AABC5C50043B7C7 /* TaskManager */ = {
			isa = PBXGroup;
			children = (
				E93090412AABC5C50043B7C7 /* TaskManagerApp.swift */,
				E93090432AABC5C50043B7C7 /* ContentView.swift */,
				E923138B2AAF335F00C150E9 /* Extensions */,
				E93090572AABC6210043B7C7 /* Views */,
				E93090502AABC5CE0043B7C7 /* Models */,
				E9673EAC2AAE7245008A5739 /* CoreData */,
				E93090452AABC5C60043B7C7 /* Assets.xcassets */,
				E930904A2AABC5C60043B7C7 /* TaskManager.entitlements */,
				E93090472AABC5C60043B7C7 /* Preview Content */,
			);
			path = TaskManager;
			sourceTree = "<group>";
		};
		E93090472AABC5C60043B7C7 /* Preview Content */ = {
			isa = PBXGroup;
			children = (
				E93090482AABC5C60043B7C7 /* Preview Assets.xcassets */,
			);
			path = "Preview Content";
			sourceTree = "<group>";
		};
		E93090502AABC5CE0043B7C7 /* Models */ = {
			isa = PBXGroup;
			children = (
				E93090512AABC5D50043B7C7 /* Task.swift */,
				E93090532AABC5F70043B7C7 /* TaskGroup.swift */,
				E93090552AABC60C0043B7C7 /* TaskSection.swift */,
			);
			path = Models;
			sourceTree = "<group>";
		};
		E93090572AABC6210043B7C7 /* Views */ = {
			isa = PBXGroup;
			children = (
				E93090582AABC6330043B7C7 /* SideBarView.swift */,
				E930905A2AABC65F0043B7C7 /* StaticTaskListView.swift */,
				E9B7E83E2AABD54C00822874 /* TaskListView.swift */,
				E9B7E8402AABD60D00822874 /* TaskView.swift */,
				E9673EB22AAE7378008A5739 /* Components */,
			);
			path = Views;
			sourceTree = "<group>";
		};
		E9673EAC2AAE7245008A5739 /* CoreData */ = {
			isa = PBXGroup;
			children = (
				E9673EAD2AAE725C008A5739 /* TaskManager.xcdatamodeld */,
				E9673EB82AAE7880008A5739 /* PersistenceController.swift */,
				E9673EB52AAE7576008A5739 /* Helpers */,
			);
			path = CoreData;
			sourceTree = "<group>";
		};
		E9673EB22AAE7378008A5739 /* Components */ = {
			isa = PBXGroup;
			children = (
				E9673EB02AAE7339008A5739 /* TaskRow.swift */,
				E923138E2AAF35D700C150E9 /* TaskGroupRow.swift */,
			);
			path = Components;
			sourceTree = "<group>";
		};
		E9673EB52AAE7576008A5739 /* Helpers */ = {
			isa = PBXGroup;
			children = (
				E9673EB32AAE73E5008A5739 /* CDTask+Helper.swift */,
				E9673EB62AAE7589008A5739 /* CDTaskGroup+Helper.swift */,
			);
			path = Helpers;
			sourceTree = "<group>";
		};
/* End PBXGroup section */

/* Begin PBXNativeTarget section */
		E930903D2AABC5C50043B7C7 /* TaskManager */ = {
			isa = PBXNativeTarget;
			buildConfigurationList = E930904D2AABC5C60043B7C7 /* Build configuration list for PBXNativeTarget "TaskManager" */;
			buildPhases = (
				E930903A2AABC5C50043B7C7 /* Sources */,
				E930903B2AABC5C50043B7C7 /* Frameworks */,
				E930903C2AABC5C50043B7C7 /* Resources */,
			);
			buildRules = (
			);
			dependencies = (
			);
			name = TaskManager;
			productName = TaskManager;
			productReference = E930903E2AABC5C50043B7C7 /* TaskManager.app */;
			productType = "com.apple.product-type.application";
		};
/* End PBXNativeTarget section */

/* Begin PBXProject section */
		E93090362AABC5C50043B7C7 /* Project object */ = {
			isa = PBXProject;
			attributes = {
				BuildIndependentTargetsInParallel = 1;
				LastSwiftUpdateCheck = 1430;
				LastUpgradeCheck = 1430;
				TargetAttributes = {
					E930903D2AABC5C50043B7C7 = {
						CreatedOnToolsVersion = 14.3;
					};
				};
			};
			buildConfigurationList = E93090392AABC5C50043B7C7 /* Build configuration list for PBXProject "TaskManager" */;
			compatibilityVersion = "Xcode 14.0";
			developmentRegion = en;
			hasScannedForEncodings = 0;
			knownRegions = (
				en,
				Base,
			);
			mainGroup = E93090352AABC5C50043B7C7;
			productRefGroup = E930903F2AABC5C50043B7C7 /* Products */;
			projectDirPath = "";
			projectRoot = "";
			targets = (
				E930903D2AABC5C50043B7C7 /* TaskManager */,
			);
		};
/* End PBXProject section */

/* Begin PBXResourcesBuildPhase section */
		E930903C2AABC5C50043B7C7 /* Resources */ = {
			isa = PBXResourcesBuildPhase;
			buildActionMask = 2147483647;
			files = (
				E93090492AABC5C60043B7C7 /* Preview Assets.xcassets in Resources */,
				E93090462AABC5C60043B7C7 /* Assets.xcassets in Resources */,
			);
			runOnlyForDeploymentPostprocessing = 0;
		};
/* End PBXResourcesBuildPhase section */

/* Begin PBXSourcesBuildPhase section */
		E930903A2AABC5C50043B7C7 /* Sources */ = {
			isa = PBXSourcesBuildPhase;
			buildActionMask = 2147483647;
			files = (
				E9B7E8412AABD60D00822874 /* TaskView.swift in Sources */,
				E9673EB92AAE7880008A5739 /* PersistenceController.swift in Sources */,
				E930905B2AABC65F0043B7C7 /* StaticTaskListView.swift in Sources */,
				E9673EAF2AAE725C008A5739 /* TaskManager.xcdatamodeld in Sources */,
				E93090442AABC5C50043B7C7 /* ContentView.swift in Sources */,
				E923138F2AAF35D700C150E9 /* TaskGroupRow.swift in Sources */,
				E93090522AABC5D50043B7C7 /* Task.swift in Sources */,
				E93090562AABC60C0043B7C7 /* TaskSection.swift in Sources */,
				E93090592AABC6330043B7C7 /* SideBarView.swift in Sources */,
				E9673EB42AAE73E5008A5739 /* CDTask+Helper.swift in Sources */,
				E93090542AABC5F70043B7C7 /* TaskGroup.swift in Sources */,
				E9673EB12AAE7339008A5739 /* TaskRow.swift in Sources */,
				E923138D2AAF337100C150E9 /* NSPredicate.swift in Sources */,
				E93090422AABC5C50043B7C7 /* TaskManagerApp.swift in Sources */,
				E9673EB72AAE7589008A5739 /* CDTaskGroup+Helper.swift in Sources */,
				E9B7E83F2AABD54C00822874 /* TaskListView.swift in Sources */,
			);
			runOnlyForDeploymentPostprocessing = 0;
		};
/* End PBXSourcesBuildPhase section */

/* Begin XCBuildConfiguration section */
		E930904B2AABC5C60043B7C7 /* Debug */ = {
			isa = XCBuildConfiguration;
			buildSettings = {
				ALWAYS_SEARCH_USER_PATHS = NO;
				CLANG_ANALYZER_NONNULL = YES;
				CLANG_ANALYZER_NUMBER_OBJECT_CONVERSION = YES_AGGRESSIVE;
				CLANG_CXX_LANGUAGE_STANDARD = "gnu++20";
				CLANG_ENABLE_MODULES = YES;
				CLANG_ENABLE_OBJC_ARC = YES;
				CLANG_ENABLE_OBJC_WEAK = YES;
				CLANG_WARN_BLOCK_CAPTURE_AUTORELEASING = YES;
				CLANG_WARN_BOOL_CONVERSION = YES;
				CLANG_WARN_COMMA = YES;
				CLANG_WARN_CONSTANT_CONVERSION = YES;
				CLANG_WARN_DEPRECATED_OBJC_IMPLEMENTATIONS = YES;
				CLANG_WARN_DIRECT_OBJC_ISA_USAGE = YES_ERROR;
				CLANG_WARN_DOCUMENTATION_COMMENTS = YES;
				CLANG_WARN_EMPTY_BODY = YES;
				CLANG_WARN_ENUM_CONVERSION = YES;
				CLANG_WARN_INFINITE_RECURSION = YES;
				CLANG_WARN_INT_CONVERSION = YES;
				CLANG_WARN_NON_LITERAL_NULL_CONVERSION = YES;
				CLANG_WARN_OBJC_IMPLICIT_RETAIN_SELF = YES;
				CLANG_WARN_OBJC_LITERAL_CONVERSION = YES;
				CLANG_WARN_OBJC_ROOT_CLASS = YES_ERROR;
				CLANG_WARN_QUOTED_INCLUDE_IN_FRAMEWORK_HEADER = YES;
				CLANG_WARN_RANGE_LOOP_ANALYSIS = YES;
				CLANG_WARN_STRICT_PROTOTYPES = YES;
				CLANG_WARN_SUSPICIOUS_MOVE = YES;
				CLANG_WARN_UNGUARDED_AVAILABILITY = YES_AGGRESSIVE;
				CLANG_WARN_UNREACHABLE_CODE = YES;
				CLANG_WARN__DUPLICATE_METHOD_MATCH = YES;
				COPY_PHASE_STRIP = NO;
				DEBUG_INFORMATION_FORMAT = dwarf;
				ENABLE_STRICT_OBJC_MSGSEND = YES;
				ENABLE_TESTABILITY = YES;
				GCC_C_LANGUAGE_STANDARD = gnu11;
				GCC_DYNAMIC_NO_PIC = NO;
				GCC_NO_COMMON_BLOCKS = YES;
				GCC_OPTIMIZATION_LEVEL = 0;
				GCC_PREPROCESSOR_DEFINITIONS = (
					"DEBUG=1",
					"$(inherited)",
				);
				GCC_WARN_64_TO_32_BIT_CONVERSION = YES;
				GCC_WARN_ABOUT_RETURN_TYPE = YES_ERROR;
				GCC_WARN_UNDECLARED_SELECTOR = YES;
				GCC_WARN_UNINITIALIZED_AUTOS = YES_AGGRESSIVE;
				GCC_WARN_UNUSED_FUNCTION = YES;
				GCC_WARN_UNUSED_VARIABLE = YES;
				MACOSX_DEPLOYMENT_TARGET = 13.0;
				MTL_ENABLE_DEBUG_INFO = INCLUDE_SOURCE;
				MTL_FAST_MATH = YES;
				ONLY_ACTIVE_ARCH = YES;
				SDKROOT = macosx;
				SWIFT_ACTIVE_COMPILATION_CONDITIONS = DEBUG;
				SWIFT_OPTIMIZATION_LEVEL = "-Onone";
			};
			name = Debug;
		};
		E930904C2AABC5C60043B7C7 /* Release */ = {
			isa = XCBuildConfiguration;
			buildSettings = {
				ALWAYS_SEARCH_USER_PATHS = NO;
				CLANG_ANALYZER_NONNULL = YES;
				CLANG_ANALYZER_NUMBER_OBJECT_CONVERSION = YES_AGGRESSIVE;
				CLANG_CXX_LANGUAGE_STANDARD = "gnu++20";
				CLANG_ENABLE_MODULES = YES;
				CLANG_ENABLE_OBJC_ARC = YES;
				CLANG_ENABLE_OBJC_WEAK = YES;
				CLANG_WARN_BLOCK_CAPTURE_AUTORELEASING = YES;
				CLANG_WARN_BOOL_CONVERSION = YES;
				CLANG_WARN_COMMA = YES;
				CLANG_WARN_CONSTANT_CONVERSION = YES;
				CLANG_WARN_DEPRECATED_OBJC_IMPLEMENTATIONS = YES;
				CLANG_WARN_DIRECT_OBJC_ISA_USAGE = YES_ERROR;
				CLANG_WARN_DOCUMENTATION_COMMENTS = YES;
				CLANG_WARN_EMPTY_BODY = YES;
				CLANG_WARN_ENUM_CONVERSION = YES;
				CLANG_WARN_INFINITE_RECURSION = YES;
				CLANG_WARN_INT_CONVERSION = YES;
				CLANG_WARN_NON_LITERAL_NULL_CONVERSION = YES;
				CLANG_WARN_OBJC_IMPLICIT_RETAIN_SELF = YES;
				CLANG_WARN_OBJC_LITERAL_CONVERSION = YES;
				CLANG_WARN_OBJC_ROOT_CLASS = YES_ERROR;
				CLANG_WARN_QUOTED_INCLUDE_IN_FRAMEWORK_HEADER = YES;
				CLANG_WARN_RANGE_LOOP_ANALYSIS = YES;
				CLANG_WARN_STRICT_PROTOTYPES = YES;
				CLANG_WARN_SUSPICIOUS_MOVE = YES;
				CLANG_WARN_UNGUARDED_AVAILABILITY = YES_AGGRESSIVE;
				CLANG_WARN_UNREACHABLE_CODE = YES;
				CLANG_WARN__DUPLICATE_METHOD_MATCH = YES;
				COPY_PHASE_STRIP = NO;
				DEBUG_INFORMATION_FORMAT = "dwarf-with-dsym";
				ENABLE_NS_ASSERTIONS = NO;
				ENABLE_STRICT_OBJC_MSGSEND = YES;
				GCC_C_LANGUAGE_STANDARD = gnu11;
				GCC_NO_COMMON_BLOCKS = YES;
				GCC_WARN_64_TO_32_BIT_CONVERSION = YES;
				GCC_WARN_ABOUT_RETURN_TYPE = YES_ERROR;
				GCC_WARN_UNDECLARED_SELECTOR = YES;
				GCC_WARN_UNINITIALIZED_AUTOS = YES_AGGRESSIVE;
				GCC_WARN_UNUSED_FUNCTION = YES;
				GCC_WARN_UNUSED_VARIABLE = YES;
				MACOSX_DEPLOYMENT_TARGET = 13.0;
				MTL_ENABLE_DEBUG_INFO = NO;
				MTL_FAST_MATH = YES;
				SDKROOT = macosx;
				SWIFT_COMPILATION_MODE = wholemodule;
				SWIFT_OPTIMIZATION_LEVEL = "-O";
			};
			name = Release;
		};
		E930904E2AABC5C60043B7C7 /* Debug */ = {
			isa = XCBuildConfiguration;
			buildSettings = {
				ASSETCATALOG_COMPILER_APPICON_NAME = AppIcon;
				ASSETCATALOG_COMPILER_GLOBAL_ACCENT_COLOR_NAME = AccentColor;
				CODE_SIGN_ENTITLEMENTS = TaskManager/TaskManager.entitlements;
				CODE_SIGN_STYLE = Automatic;
				COMBINE_HIDPI_IMAGES = YES;
				CURRENT_PROJECT_VERSION = 1;
				DEVELOPMENT_ASSET_PATHS = "\"TaskManager/Preview Content\"";
				DEVELOPMENT_TEAM = 5S88AY6J4R;
				ENABLE_HARDENED_RUNTIME = YES;
				ENABLE_PREVIEWS = YES;
				GENERATE_INFOPLIST_FILE = YES;
				INFOPLIST_KEY_NSHumanReadableCopyright = "";
				LD_RUNPATH_SEARCH_PATHS = (
					"$(inherited)",
					"@executable_path/../Frameworks",
				);
				MARKETING_VERSION = 1.0;
				PRODUCT_BUNDLE_IDENTIFIER = br.ufpe.cin.academy.tmc4.TaskManager;
				PRODUCT_NAME = "$(TARGET_NAME)";
				SWIFT_EMIT_LOC_STRINGS = YES;
				SWIFT_VERSION = 5.0;
			};
			name = Debug;
		};
		E930904F2AABC5C60043B7C7 /* Release */ = {
			isa = XCBuildConfiguration;
			buildSettings = {
				ASSETCATALOG_COMPILER_APPICON_NAME = AppIcon;
				ASSETCATALOG_COMPILER_GLOBAL_ACCENT_COLOR_NAME = AccentColor;
				CODE_SIGN_ENTITLEMENTS = TaskManager/TaskManager.entitlements;
				CODE_SIGN_STYLE = Automatic;
				COMBINE_HIDPI_IMAGES = YES;
				CURRENT_PROJECT_VERSION = 1;
				DEVELOPMENT_ASSET_PATHS = "\"TaskManager/Preview Content\"";
				DEVELOPMENT_TEAM = 5S88AY6J4R;
				ENABLE_HARDENED_RUNTIME = YES;
				ENABLE_PREVIEWS = YES;
				GENERATE_INFOPLIST_FILE = YES;
				INFOPLIST_KEY_NSHumanReadableCopyright = "";
				LD_RUNPATH_SEARCH_PATHS = (
					"$(inherited)",
					"@executable_path/../Frameworks",
				);
				MARKETING_VERSION = 1.0;
				PRODUCT_BUNDLE_IDENTIFIER = br.ufpe.cin.academy.tmc4.TaskManager;
				PRODUCT_NAME = "$(TARGET_NAME)";
				SWIFT_EMIT_LOC_STRINGS = YES;
				SWIFT_VERSION = 5.0;
			};
			name = Release;
		};
/* End XCBuildConfiguration section */

/* Begin XCConfigurationList section */
		E93090392AABC5C50043B7C7 /* Build configuration list for PBXProject "TaskManager" */ = {
			isa = XCConfigurationList;
			buildConfigurations = (
				E930904B2AABC5C60043B7C7 /* Debug */,
				E930904C2AABC5C60043B7C7 /* Release */,
			);
			defaultConfigurationIsVisible = 0;
			defaultConfigurationName = Release;
		};
		E930904D2AABC5C60043B7C7 /* Build configuration list for PBXNativeTarget "TaskManager" */ = {
			isa = XCConfigurationList;
			buildConfigurations = (
				E930904E2AABC5C60043B7C7 /* Debug */,
				E930904F2AABC5C60043B7C7 /* Release */,
			);
			defaultConfigurationIsVisible = 0;
			defaultConfigurationName = Release;
		};
/* End XCConfigurationList section */

/* Begin XCVersionGroup section */
		E9673EAD2AAE725C008A5739 /* TaskManager.xcdatamodeld */ = {
			isa = XCVersionGroup;
			children = (
				E9673EAE2AAE725C008A5739 /* TaskManager.xcdatamodel */,
			);
			currentVersion = E9673EAE2AAE725C008A5739 /* TaskManager.xcdatamodel */;
			path = TaskManager.xcdatamodeld;
			sourceTree = "<group>";
			versionGroupType = wrapper.xcdatamodel;
		};
/* End XCVersionGroup section */
	};
	rootObject = E93090362AABC5C50043B7C7 /* Project object */;
}
